# This file was autogenerated by uv via the following command:
#    uv pip compile requirements.txt -o req-uv.txt
annotated-types==0.7.0
    # via pydantic
anyio==4.8.0
    # via httpx
backoff==2.2.1
    # via -r requirements.txt
certifi==2025.1.31
    # via
    #   httpcore
    #   httpx
h11==0.14.0
    # via httpcore
httpcore==1.0.7
    # via httpx
httpx==0.28.1
    # via -r requirements.txt
idna==3.10
    # via
    #   anyio
    #   httpx
pydantic==2.10.6
    # via -r requirements.txt
pydantic-core==2.27.2
    # via pydantic
sniffio==1.3.1
    # via anyio
typing-extensions==4.12.2
    # via
    #   anyio
    #   pydantic
    #   pydantic-core
